// !$*UTF8*$!
{
	archiveVersion = 1;
	classes = {
	};
	objectVersion = 46;
	objects = {

/* Begin PBXBuildFile section */
		119125761E484F3700E2F375 /* CassiniViewController.swift in Sources */ = {isa = PBXBuildFile; fileRef = 119125751E484F3700E2F375 /* CassiniViewController.swift */; };
		11AF4E011E45AE4100C33B78 /* ImageViewController.swift in Sources */ = {isa = PBXBuildFile; fileRef = 11AF4E001E45AE4100C33B78 /* ImageViewController.swift */; };
		11AF4E031E45B18F00C33B78 /* DemoURL.swift in Sources */ = {isa = PBXBuildFile; fileRef = 11AF4E021E45B18F00C33B78 /* DemoURL.swift */; };
		11EB72B01E43234E00C7DDC0 /* AppDelegate.swift in Sources */ = {isa = PBXBuildFile; fileRef = 11EB72AF1E43234E00C7DDC0 /* AppDelegate.swift */; };
		11EB72B51E43234E00C7DDC0 /* Main.storyboard in Resources */ = {isa = PBXBuildFile; fileRef = 11EB72B31E43234E00C7DDC0 /* Main.storyboard */; };
		11EB72B71E43234E00C7DDC0 /* Assets.xcassets in Resources */ = {isa = PBXBuildFile; fileRef = 11EB72B61E43234E00C7DDC0 /* Assets.xcassets */; };
		11EB72BA1E43234E00C7DDC0 /* LaunchScreen.storyboard in Resources */ = {isa = PBXBuildFile; fileRef = 11EB72B81E43234E00C7DDC0 /* LaunchScreen.storyboard */; };
/* End PBXBuildFile section */

/* Begin PBXFileReference section */
		119125751E484F3700E2F375 /* CassiniViewController.swift */ = {isa = PBXFileReference; fileEncoding = 4; lastKnownFileType = sourcecode.swift; path = CassiniViewController.swift; sourceTree = "<group>"; };
		11AF4E001E45AE4100C33B78 /* ImageViewController.swift */ = {isa = PBXFileReference; fileEncoding = 4; lastKnownFileType = sourcecode.swift; path = ImageViewController.swift; sourceTree = "<group>"; };
		11AF4E021E45B18F00C33B78 /* DemoURL.swift */ = {isa = PBXFileReference; fileEncoding = 4; lastKnownFileType = sourcecode.swift; path = DemoURL.swift; sourceTree = "<group>"; };
		11EB72AC1E43234E00C7DDC0 /* Cassini.app */ = {isa = PBXFileReference; explicitFileType = wrapper.application; includeInIndex = 0; path = Cassini.app; sourceTree = BUILT_PRODUCTS_DIR; };
		11EB72AF1E43234E00C7DDC0 /* AppDelegate.swift */ = {isa = PBXFileReference; lastKnownFileType = sourcecode.swift; path = AppDelegate.swift; sourceTree = "<group>"; };
		11EB72B41E43234E00C7DDC0 /* Base */ = {isa = PBXFileReference; lastKnownFileType = file.storyboard; name = Base; path = Base.lproj/Main.storyboard; sourceTree = "<group>"; };
		11EB72B61E43234E00C7DDC0 /* Assets.xcassets */ = {isa = PBXFileReference; lastKnownFileType = folder.assetcatalog; path = Assets.xcassets; sourceTree = "<group>"; };
		11EB72B91E43234E00C7DDC0 /* Base */ = {isa = PBXFileReference; lastKnownFileType = file.storyboard; name = Base; path = Base.lproj/LaunchScreen.storyboard; sourceTree = "<group>"; };
		11EB72BB1E43234E00C7DDC0 /* Info.plist */ = {isa = PBXFileReference; lastKnownFileType = text.plist.xml; path = Info.plist; sourceTree = "<group>"; };
/* End PBXFileReference section */

/* Begin PBXFrameworksBuildPhase section */
		11EB72A91E43234E00C7DDC0 /* Frameworks */ = {
			isa = PBXFrameworksBuildPhase;
			buildActionMask = 2147483647;
			files = (
			);
			runOnlyForDeploymentPostprocessing = 0;
		};
/* End PBXFrameworksBuildPhase section */

/* Begin PBXGroup section */
		11AF4DFF1E45ADBE00C33B78 /* Supporting Files */ = {
			isa = PBXGroup;
			children = (
				11EB72AF1E43234E00C7DDC0 /* AppDelegate.swift */,
				11EB72B61E43234E00C7DDC0 /* Assets.xcassets */,
				11EB72B81E43234E00C7DDC0 /* LaunchScreen.storyboard */,
			);
			name = "Supporting Files";
			sourceTree = "<group>";
		};
		11EB72A31E43234E00C7DDC0 = {
			isa = PBXGroup;
			children = (
				11EB72AE1E43234E00C7DDC0 /* Cassini */,
				11EB72AD1E43234E00C7DDC0 /* Products */,
			);
			sourceTree = "<group>";
		};
		11EB72AD1E43234E00C7DDC0 /* Products */ = {
			isa = PBXGroup;
			children = (
				11EB72AC1E43234E00C7DDC0 /* Cassini.app */,
			);
			name = Products;
			sourceTree = "<group>";
		};
		11EB72AE1E43234E00C7DDC0 /* Cassini */ = {
			isa = PBXGroup;
			children = (
				11AF4E001E45AE4100C33B78 /* ImageViewController.swift */,
				11EB72B31E43234E00C7DDC0 /* Main.storyboard */,
				119125751E484F3700E2F375 /* CassiniViewController.swift */,
				11EB72BB1E43234E00C7DDC0 /* Info.plist */,
				11AF4E021E45B18F00C33B78 /* DemoURL.swift */,
				11AF4DFF1E45ADBE00C33B78 /* Supporting Files */,
			);
			path = Cassini;
			sourceTree = "<group>";
		};
/* End PBXGroup section */

/* Begin PBXNativeTarget section */
		11EB72AB1E43234E00C7DDC0 /* Cassini */ = {
			isa = PBXNativeTarget;
			buildConfigurationList = 11EB72BE1E43234E00C7DDC0 /* Build configuration list for PBXNativeTarget "Cassini" */;
			buildPhases = (
				11EB72A81E43234E00C7DDC0 /* Sources */,
				11EB72A91E43234E00C7DDC0 /* Frameworks */,
				11EB72AA1E43234E00C7DDC0 /* Resources */,
			);
			buildRules = (
			);
			dependencies = (
			);
			name = Cassini;
			productName = Cassini;
			productReference = 11EB72AC1E43234E00C7DDC0 /* Cassini.app */;
			productType = "com.apple.product-type.application";
		};
/* End PBXNativeTarget section */

/* Begin PBXProject section */
		11EB72A41E43234E00C7DDC0 /* Project object */ = {
			isa = PBXProject;
			attributes = {
				LastSwiftUpdateCheck = 0820;
				LastUpgradeCheck = 0820;
				ORGANIZATIONNAME = Zac;
				TargetAttributes = {
					11EB72AB1E43234E00C7DDC0 = {
						CreatedOnToolsVersion = 8.2.1;
						DevelopmentTeam = D4VUX96KKD;
						ProvisioningStyle = Automatic;
					};
				};
			};
			buildConfigurationList = 11EB72A71E43234E00C7DDC0 /* Build configuration list for PBXProject "Cassini" */;
			compatibilityVersion = "Xcode 3.2";
			developmentRegion = English;
			hasScannedForEncodings = 0;
			knownRegions = (
				en,
				Base,
			);
			mainGroup = 11EB72A31E43234E00C7DDC0;
			productRefGroup = 11EB72AD1E43234E00C7DDC0 /* Products */;
			projectDirPath = "";
			projectRoot = "";
			targets = (
				11EB72AB1E43234E00C7DDC0 /* Cassini */,
			);
		};
/* End PBXProject section */

/* Begin PBXResourcesBuildPhase section */
		11EB72AA1E43234E00C7DDC0 /* Resources */ = {
			isa = PBXResourcesBuildPhase;
			buildActionMask = 2147483647;
			files = (
				11EB72BA1E43234E00C7DDC0 /* LaunchScreen.storyboard in Resources */,
				11EB72B71E43234E00C7DDC0 /* Assets.xcassets in Resources */,
				11EB72B51E43234E00C7DDC0 /* Main.storyboard in Resources */,
			);
			runOnlyForDeploymentPostprocessing = 0;
		};
/* End PBXResourcesBuildPhase section */

/* Begin PBXSourcesBuildPhase section */
		11EB72A81E43234E00C7DDC0 /* Sources */ = {
			isa = PBXSourcesBuildPhase;
			buildActionMask = 2147483647;
			files = (
				11AF4E011E45AE4100C33B78 /* ImageViewController.swift in Sources */,
				11EB72B01E43234E00C7DDC0 /* AppDelegate.swift in Sources */,
				11AF4E031E45B18F00C33B78 /* DemoURL.swift in Sources */,
				119125761E484F3700E2F375 /* CassiniViewController.swift in Sources */,
			);
			runOnlyForDeploymentPostprocessing = 0;
		};
/* End PBXSourcesBuildPhase section */

/* Begin PBXVariantGroup section */
		11EB72B31E43234E00C7DDC0 /* Main.storyboard */ = {
			isa = PBXVariantGroup;
			children = (
				11EB72B41E43234E00C7DDC0 /* Base */,
			);
			name = Main.storyboard;
			sourceTree = "<group>";
		};
		11EB72B81E43234E00C7DDC0 /* LaunchScreen.storyboard */ = {
			isa = PBXVariantGroup;
			children = (
				11EB72B91E43234E00C7DDC0 /* Base */,
			);
			name = LaunchScreen.storyboard;
			sourceTree = "<group>";
		};
/* End PBXVariantGroup section */

/* Begin XCBuildConfiguration section */
		11EB72BC1E43234E00C7DDC0 /* Debug */ = {
			isa = XCBuildConfiguration;
			buildSettings = {
				ALWAYS_SEARCH_USER_PATHS = NO;
				CLANG_ANALYZER_NONNULL = YES;
				CLANG_CXX_LANGUAGE_STANDARD = "gnu++0x";
				CLANG_CXX_LIBRARY = "libc++";
				CLANG_ENABLE_MODULES = YES;
				CLANG_ENABLE_OBJC_ARC = YES;
				CLANG_WARN_BOOL_CONVERSION = YES;
				CLANG_WARN_CONSTANT_CONVERSION = YES;
				CLANG_WARN_DIRECT_OBJC_ISA_USAGE = YES_ERROR;
				CLANG_WARN_DOCUMENTATION_COMMENTS = YES;
				CLANG_WARN_EMPTY_BODY = YES;
				CLANG_WARN_ENUM_CONVERSION = YES;
				CLANG_WARN_INFINITE_RECURSION = YES;
				CLANG_WARN_INT_CONVERSION = YES;
				CLANG_WARN_OBJC_ROOT_CLASS = YES_ERROR;
				CLANG_WARN_SUSPICIOUS_MOVE = YES;
				CLANG_WARN_UNREACHABLE_CODE = YES;
				CLANG_WARN__DUPLICATE_METHOD_MATCH = YES;
				"CODE_SIGN_IDENTITY[sdk=iphoneos*]" = "iPhone Developer";
				COPY_PHASE_STRIP = NO;
				DEBUG_INFORMATION_FORMAT = dwarf;
				ENABLE_STRICT_OBJC_MSGSEND = YES;
				ENABLE_TESTABILITY = YES;
				GCC_C_LANGUAGE_STANDARD = gnu99;
				GCC_DYNAMIC_NO_PIC = NO;
				GCC_NO_COMMON_BLOCKS = YES;
				GCC_OPTIMIZATION_LEVEL = 0;
				GCC_PREPROCESSOR_DEFINITIONS = (
					"DEBUG=1",
					"$(inherited)",
				);
				GCC_WARN_64_TO_32_BIT_CONVERSION = YES;
				GCC_WARN_ABOUT_RETURN_TYPE = YES_ERROR;
				GCC_WARN_UNDECLARED_SELECTOR = YES;
				GCC_WARN_UNINITIALIZED_AUTOS = YES_AGGRESSIVE;
				GCC_WARN_UNUSED_FUNCTION = YES;
				GCC_WARN_UNUSED_VARIABLE = YES;
				IPHONEOS_DEPLOYMENT_TARGET = 10.2;
				MTL_ENABLE_DEBUG_INFO = YES;
				ONLY_ACTIVE_ARCH = YES;
				SDKROOT = iphoneos;
				SWIFT_ACTIVE_COMPILATION_CONDITIONS = DEBUG;
				SWIFT_OPTIMIZATION_LEVEL = "-Onone";
				TARGETED_DEVICE_FAMILY = "1,2";
			};
			name = Debug;
		};
		11EB72BD1E43234E00C7DDC0 /* Release */ = {
			isa = XCBuildConfiguration;
			buildSettings = {
				ALWAYS_SEARCH_USER_PATHS = NO;
				CLANG_ANALYZER_NONNULL = YES;
				CLANG_CXX_LANGUAGE_STANDARD = "gnu++0x";
				CLANG_CXX_LIBRARY = "libc++";
				CLANG_ENABLE_MODULES = YES;
				CLANG_ENABLE_OBJC_ARC = YES;
				CLANG_WARN_BOOL_CONVERSION = YES;
				CLANG_WARN_CONSTANT_CONVERSION = YES;
				CLANG_WARN_DIRECT_OBJC_ISA_USAGE = YES_ERROR;
				CLANG_WARN_DOCUMENTATION_COMMENTS = YES;
				CLANG_WARN_EMPTY_BODY = YES;
				CLANG_WARN_ENUM_CONVERSION = YES;
				CLANG_WARN_INFINITE_RECURSION = YES;
				CLANG_WARN_INT_CONVERSION = YES;
				CLANG_WARN_OBJC_ROOT_CLASS = YES_ERROR;
				CLANG_WARN_SUSPICIOUS_MOVE = YES;
				CLANG_WARN_UNREACHABLE_CODE = YES;
				CLANG_WARN__DUPLICATE_METHOD_MATCH = YES;
				"CODE_SIGN_IDENTITY[sdk=iphoneos*]" = "iPhone Developer";
				COPY_PHASE_STRIP = NO;
				DEBUG_INFORMATION_FORMAT = "dwarf-with-dsym";
				ENABLE_NS_ASSERTIONS = NO;
				ENABLE_STRICT_OBJC_MSGSEND = YES;
				GCC_C_LANGUAGE_STANDARD = gnu99;
				GCC_NO_COMMON_BLOCKS = YES;
				GCC_WARN_64_TO_32_BIT_CONVERSION = YES;
				GCC_WARN_ABOUT_RETURN_TYPE = YES_ERROR;
				GCC_WARN_UNDECLARED_SELECTOR = YES;
				GCC_WARN_UNINITIALIZED_AUTOS = YES_AGGRESSIVE;
				GCC_WARN_UNUSED_FUNCTION = YES;
				GCC_WARN_UNUSED_VARIABLE = YES;
				IPHONEOS_DEPLOYMENT_TARGET = 10.2;
				MTL_ENABLE_DEBUG_INFO = NO;
				SDKROOT = iphoneos;
				SWIFT_OPTIMIZATION_LEVEL = "-Owholemodule";
				TARGETED_DEVICE_FAMILY = "1,2";
				VALIDATE_PRODUCT = YES;
			};
			name = Release;
		};
		11EB72BF1E43234E00C7DDC0 /* Debug */ = {
			isa = XCBuildConfiguration;
			buildSettings = {
				ASSETCATALOG_COMPILER_APPICON_NAME = AppIcon;
				DEVELOPMENT_TEAM = D4VUX96KKD;
				INFOPLIST_FILE = Cassini/Info.plist;
				LD_RUNPATH_SEARCH_PATHS = "$(inherited) @executable_path/Frameworks";
				PRODUCT_BUNDLE_IDENTIFIER = com.Zac.Cassini;
				PRODUCT_NAME = "$(TARGET_NAME)";
				SWIFT_VERSION = 3.0;
			};
			name = Debug;
		};
		11EB72C01E43234E00C7DDC0 /* Release */ = {
			isa = XCBuildConfiguration;
			buildSettings = {
				ASSETCATALOG_COMPILER_APPICON_NAME = AppIcon;
				DEVELOPMENT_TEAM = D4VUX96KKD;
				INFOPLIST_FILE = Cassini/Info.plist;
				LD_RUNPATH_SEARCH_PATHS = "$(inherited) @executable_path/Frameworks";
				PRODUCT_BUNDLE_IDENTIFIER = com.Zac.Cassini;
				PRODUCT_NAME = "$(TARGET_NAME)";
				SWIFT_VERSION = 3.0;
			};
			name = Release;
		};
/* End XCBuildConfiguration section */

/* Begin XCConfigurationList section */
		11EB72A71E43234E00C7DDC0 /* Build configuration list for PBXProject "Cassini" */ = {
			isa = XCConfigurationList;
			buildConfigurations = (
				11EB72BC1E43234E00C7DDC0 /* Debug */,
				11EB72BD1E43234E00C7DDC0 /* Release */,
			);
			defaultConfigurationIsVisible = 0;
			defaultConfigurationName = Release;
		};
		11EB72BE1E43234E00C7DDC0 /* Build configuration list for PBXNativeTarget "Cassini" */ = {
			isa = XCConfigurationList;
			buildConfigurations = (
				11EB72BF1E43234E00C7DDC0 /* Debug */,
				11EB72C01E43234E00C7DDC0 /* Release */,
			);
			defaultConfigurationIsVisible = 0;
			defaultConfigurationName = Release;
		};
/* End XCConfigurationList section */
	};
	rootObject = 11EB72A41E43234E00C7DDC0 /* Project object */;
}
